// !$*UTF8*$!
{
	archiveVersion = 1;
	classes = {
	};
	objectVersion = 46;
	objects = {

/* Begin PBXBuildFile section */
		4A274C6D1DFA3D0000A5C840 /* MessageImageCell.m in Sources */ = {isa = PBXBuildFile; fileRef = 4A274C6C1DFA3D0000A5C840 /* MessageImageCell.m */; };
		4ABE0A651DF44DC900117928 /* main.m in Sources */ = {isa = PBXBuildFile; fileRef = 4ABE0A641DF44DC900117928 /* main.m */; };
		4ABE0A681DF44DC900117928 /* AppDelegate.m in Sources */ = {isa = PBXBuildFile; fileRef = 4ABE0A671DF44DC900117928 /* AppDelegate.m */; };
		4ABE0A6E1DF44DC900117928 /* Main.storyboard in Resources */ = {isa = PBXBuildFile; fileRef = 4ABE0A6C1DF44DC900117928 /* Main.storyboard */; };
		4ABE0A701DF44DC900117928 /* Assets.xcassets in Resources */ = {isa = PBXBuildFile; fileRef = 4ABE0A6F1DF44DC900117928 /* Assets.xcassets */; };
		4ABE0A731DF44DC900117928 /* LaunchScreen.storyboard in Resources */ = {isa = PBXBuildFile; fileRef = 4ABE0A711DF44DC900117928 /* LaunchScreen.storyboard */; };
		4ABE0A7E1DF44DCA00117928 /* ____Tests.m in Sources */ = {isa = PBXBuildFile; fileRef = 4ABE0A7D1DF44DCA00117928 /* ____Tests.m */; };
		4ABE0A891DF44DCA00117928 /* ____UITests.m in Sources */ = {isa = PBXBuildFile; fileRef = 4ABE0A881DF44DCA00117928 /* ____UITests.m */; };
		4ABE0A9D1DF44E2A00117928 /* CustomerController.m in Sources */ = {isa = PBXBuildFile; fileRef = 4ABE0A981DF44E2A00117928 /* CustomerController.m */; };
		4ABE0A9E1DF44E2A00117928 /* Message.m in Sources */ = {isa = PBXBuildFile; fileRef = 4ABE0A9A1DF44E2A00117928 /* Message.m */; };
		4ABE0A9F1DF44E2A00117928 /* MessageCell.m in Sources */ = {isa = PBXBuildFile; fileRef = 4ABE0A9C1DF44E2A00117928 /* MessageCell.m */; };
		4ACA56951DF8F5B70059AF7A /* EmojiToolBar.m in Sources */ = {isa = PBXBuildFile; fileRef = 4ACA567B1DF8F5B70059AF7A /* EmojiToolBar.m */; };
		4ACA56961DF8F5B70059AF7A /* EmojiCell.m in Sources */ = {isa = PBXBuildFile; fileRef = 4ACA567E1DF8F5B70059AF7A /* EmojiCell.m */; };
		4ACA56971DF8F5B70059AF7A /* EmojiCollectionView.m in Sources */ = {isa = PBXBuildFile; fileRef = 4ACA56801DF8F5B70059AF7A /* EmojiCollectionView.m */; };
		4ACA56981DF8F5B70059AF7A /* SinglePageEmojiCell.m in Sources */ = {isa = PBXBuildFile; fileRef = 4ACA56821DF8F5B70059AF7A /* SinglePageEmojiCell.m */; };
		4ACA56991DF8F5B70059AF7A /* HCEmojiKeyboard.m in Sources */ = {isa = PBXBuildFile; fileRef = 4ACA56841DF8F5B70059AF7A /* HCEmojiKeyboard.m */; };
		4ACA569A1DF8F5B70059AF7A /* HCEmojiManager.m in Sources */ = {isa = PBXBuildFile; fileRef = 4ACA56861DF8F5B70059AF7A /* HCEmojiManager.m */; };
		4ACA569B1DF8F5B70059AF7A /* ExpandingCell.m in Sources */ = {isa = PBXBuildFile; fileRef = 4ACA568A1DF8F5B70059AF7A /* ExpandingCell.m */; };
		4ACA569C1DF8F5B70059AF7A /* HCInputBar.m in Sources */ = {isa = PBXBuildFile; fileRef = 4ACA568C1DF8F5B70059AF7A /* HCInputBar.m */; };
		4ACA569D1DF8F5B70059AF7A /* Resources.bundle in Resources */ = {isa = PBXBuildFile; fileRef = 4ACA568D1DF8F5B70059AF7A /* Resources.bundle */; };
		4ACA569E1DF8F5B70059AF7A /* UIColor+MyColor.m in Sources */ = {isa = PBXBuildFile; fileRef = 4ACA56901DF8F5B70059AF7A /* UIColor+MyColor.m */; };
		4ACA569F1DF8F5B70059AF7A /* UIFont+MyFont.m in Sources */ = {isa = PBXBuildFile; fileRef = 4ACA56921DF8F5B70059AF7A /* UIFont+MyFont.m */; };
		4ACA56A01DF8F5B70059AF7A /* UIView+Frame.m in Sources */ = {isa = PBXBuildFile; fileRef = 4ACA56941DF8F5B70059AF7A /* UIView+Frame.m */; };
		4ACA56A61DF924320059AF7A /* FunctionsView.m in Sources */ = {isa = PBXBuildFile; fileRef = 4ACA56A51DF924320059AF7A /* FunctionsView.m */; };
		4ACA56A91DF9315B0059AF7A /* imageButton.m in Sources */ = {isa = PBXBuildFile; fileRef = 4ACA56A81DF9315B0059AF7A /* imageButton.m */; };
		4ACA56AC1DF931720059AF7A /* UIView+Extension.m in Sources */ = {isa = PBXBuildFile; fileRef = 4ACA56AB1DF931720059AF7A /* UIView+Extension.m */; };
		4ACA56AF1DF931D90059AF7A /* imageCell.m in Sources */ = {isa = PBXBuildFile; fileRef = 4ACA56AE1DF931D90059AF7A /* imageCell.m */; };
/* End PBXBuildFile section */

/* Begin PBXContainerItemProxy section */
		4ABE0A7A1DF44DCA00117928 /* PBXContainerItemProxy */ = {
			isa = PBXContainerItemProxy;
			containerPortal = 4ABE0A581DF44DC900117928 /* Project object */;
			proxyType = 1;
			remoteGlobalIDString = 4ABE0A5F1DF44DC900117928;
			remoteInfo = "聊天界面";
		};
		4ABE0A851DF44DCA00117928 /* PBXContainerItemProxy */ = {
			isa = PBXContainerItemProxy;
			containerPortal = 4ABE0A581DF44DC900117928 /* Project object */;
			proxyType = 1;
			remoteGlobalIDString = 4ABE0A5F1DF44DC900117928;
			remoteInfo = "聊天界面";
		};
/* End PBXContainerItemProxy section */

/* Begin PBXFileReference section */
		4A274C6B1DFA3D0000A5C840 /* MessageImageCell.h */ = {isa = PBXFileReference; fileEncoding = 4; lastKnownFileType = sourcecode.c.h; path = MessageImageCell.h; sourceTree = "<group>"; };
		4A274C6C1DFA3D0000A5C840 /* MessageImageCell.m */ = {isa = PBXFileReference; fileEncoding = 4; lastKnownFileType = sourcecode.c.objc; path = MessageImageCell.m; sourceTree = "<group>"; };
		4ABE0A601DF44DC900117928 /* 聊天界面.app */ = {isa = PBXFileReference; explicitFileType = wrapper.application; includeInIndex = 0; path = "聊天界面.app"; sourceTree = BUILT_PRODUCTS_DIR; };
		4ABE0A641DF44DC900117928 /* main.m */ = {isa = PBXFileReference; lastKnownFileType = sourcecode.c.objc; path = main.m; sourceTree = "<group>"; };
		4ABE0A661DF44DC900117928 /* AppDelegate.h */ = {isa = PBXFileReference; lastKnownFileType = sourcecode.c.h; path = AppDelegate.h; sourceTree = "<group>"; };
		4ABE0A671DF44DC900117928 /* AppDelegate.m */ = {isa = PBXFileReference; lastKnownFileType = sourcecode.c.objc; path = AppDelegate.m; sourceTree = "<group>"; };
		4ABE0A6D1DF44DC900117928 /* Base */ = {isa = PBXFileReference; lastKnownFileType = file.storyboard; name = Base; path = Base.lproj/Main.storyboard; sourceTree = "<group>"; };
		4ABE0A6F1DF44DC900117928 /* Assets.xcassets */ = {isa = PBXFileReference; lastKnownFileType = folder.assetcatalog; path = Assets.xcassets; sourceTree = "<group>"; };
		4ABE0A721DF44DC900117928 /* Base */ = {isa = PBXFileReference; lastKnownFileType = file.storyboard; name = Base; path = Base.lproj/LaunchScreen.storyboard; sourceTree = "<group>"; };
		4ABE0A741DF44DC900117928 /* Info.plist */ = {isa = PBXFileReference; lastKnownFileType = text.plist.xml; path = Info.plist; sourceTree = "<group>"; };
		4ABE0A791DF44DCA00117928 /* 聊天界面Tests.xctest */ = {isa = PBXFileReference; explicitFileType = wrapper.cfbundle; includeInIndex = 0; path = "聊天界面Tests.xctest"; sourceTree = BUILT_PRODUCTS_DIR; };
		4ABE0A7D1DF44DCA00117928 /* ____Tests.m */ = {isa = PBXFileReference; lastKnownFileType = sourcecode.c.objc; path = "____Tests.m"; sourceTree = "<group>"; };
		4ABE0A7F1DF44DCA00117928 /* Info.plist */ = {isa = PBXFileReference; lastKnownFileType = text.plist.xml; path = Info.plist; sourceTree = "<group>"; };
		4ABE0A841DF44DCA00117928 /* 聊天界面UITests.xctest */ = {isa = PBXFileReference; explicitFileType = wrapper.cfbundle; includeInIndex = 0; path = "聊天界面UITests.xctest"; sourceTree = BUILT_PRODUCTS_DIR; };
		4ABE0A881DF44DCA00117928 /* ____UITests.m */ = {isa = PBXFileReference; lastKnownFileType = sourcecode.c.objc; path = "____UITests.m"; sourceTree = "<group>"; };
		4ABE0A8A1DF44DCA00117928 /* Info.plist */ = {isa = PBXFileReference; lastKnownFileType = text.plist.xml; path = Info.plist; sourceTree = "<group>"; };
		4ABE0A971DF44E2A00117928 /* CustomerController.h */ = {isa = PBXFileReference; fileEncoding = 4; lastKnownFileType = sourcecode.c.h; path = CustomerController.h; sourceTree = "<group>"; };
		4ABE0A981DF44E2A00117928 /* CustomerController.m */ = {isa = PBXFileReference; fileEncoding = 4; lastKnownFileType = sourcecode.c.objc; path = CustomerController.m; sourceTree = "<group>"; };
		4ABE0A991DF44E2A00117928 /* Message.h */ = {isa = PBXFileReference; fileEncoding = 4; lastKnownFileType = sourcecode.c.h; path = Message.h; sourceTree = "<group>"; };
		4ABE0A9A1DF44E2A00117928 /* Message.m */ = {isa = PBXFileReference; fileEncoding = 4; lastKnownFileType = sourcecode.c.objc; path = Message.m; sourceTree = "<group>"; };
		4ABE0A9B1DF44E2A00117928 /* MessageCell.h */ = {isa = PBXFileReference; fileEncoding = 4; lastKnownFileType = sourcecode.c.h; path = MessageCell.h; sourceTree = "<group>"; };
		4ABE0A9C1DF44E2A00117928 /* MessageCell.m */ = {isa = PBXFileReference; fileEncoding = 4; lastKnownFileType = sourcecode.c.objc; path = MessageCell.m; sourceTree = "<group>"; };
		4ACA567A1DF8F5B70059AF7A /* EmojiToolBar.h */ = {isa = PBXFileReference; fileEncoding = 4; lastKnownFileType = sourcecode.c.h; path = EmojiToolBar.h; sourceTree = "<group>"; };
		4ACA567B1DF8F5B70059AF7A /* EmojiToolBar.m */ = {isa = PBXFileReference; fileEncoding = 4; lastKnownFileType = sourcecode.c.objc; path = EmojiToolBar.m; sourceTree = "<group>"; };
		4ACA567D1DF8F5B70059AF7A /* EmojiCell.h */ = {isa = PBXFileReference; fileEncoding = 4; lastKnownFileType = sourcecode.c.h; path = EmojiCell.h; sourceTree = "<group>"; };
		4ACA567E1DF8F5B70059AF7A /* EmojiCell.m */ = {isa = PBXFileReference; fileEncoding = 4; lastKnownFileType = sourcecode.c.objc; path = EmojiCell.m; sourceTree = "<group>"; };
		4ACA567F1DF8F5B70059AF7A /* EmojiCollectionView.h */ = {isa = PBXFileReference; fileEncoding = 4; lastKnownFileType = sourcecode.c.h; path = EmojiCollectionView.h; sourceTree = "<group>"; };
		4ACA56801DF8F5B70059AF7A /* EmojiCollectionView.m */ = {isa = PBXFileReference; fileEncoding = 4; lastKnownFileType = sourcecode.c.objc; path = EmojiCollectionView.m; sourceTree = "<group>"; };
		4ACA56811DF8F5B70059AF7A /* SinglePageEmojiCell.h */ = {isa = PBXFileReference; fileEncoding = 4; lastKnownFileType = sourcecode.c.h; path = SinglePageEmojiCell.h; sourceTree = "<group>"; };
		4ACA56821DF8F5B70059AF7A /* SinglePageEmojiCell.m */ = {isa = PBXFileReference; fileEncoding = 4; lastKnownFileType = sourcecode.c.objc; path = SinglePageEmojiCell.m; sourceTree = "<group>"; };
		4ACA56831DF8F5B70059AF7A /* HCEmojiKeyboard.h */ = {isa = PBXFileReference; fileEncoding = 4; lastKnownFileType = sourcecode.c.h; path = HCEmojiKeyboard.h; sourceTree = "<group>"; };
		4ACA56841DF8F5B70059AF7A /* HCEmojiKeyboard.m */ = {isa = PBXFileReference; fileEncoding = 4; lastKnownFileType = sourcecode.c.objc; path = HCEmojiKeyboard.m; sourceTree = "<group>"; };
		4ACA56851DF8F5B70059AF7A /* HCEmojiManager.h */ = {isa = PBXFileReference; fileEncoding = 4; lastKnownFileType = sourcecode.c.h; path = HCEmojiManager.h; sourceTree = "<group>"; };
		4ACA56861DF8F5B70059AF7A /* HCEmojiManager.m */ = {isa = PBXFileReference; fileEncoding = 4; lastKnownFileType = sourcecode.c.objc; path = HCEmojiManager.m; sourceTree = "<group>"; };
		4ACA56871DF8F5B70059AF7A /* HCHeader.h */ = {isa = PBXFileReference; fileEncoding = 4; lastKnownFileType = sourcecode.c.h; path = HCHeader.h; sourceTree = "<group>"; };
		4ACA56891DF8F5B70059AF7A /* ExpandingCell.h */ = {isa = PBXFileReference; fileEncoding = 4; lastKnownFileType = sourcecode.c.h; path = ExpandingCell.h; sourceTree = "<group>"; };
		4ACA568A1DF8F5B70059AF7A /* ExpandingCell.m */ = {isa = PBXFileReference; fileEncoding = 4; lastKnownFileType = sourcecode.c.objc; path = ExpandingCell.m; sourceTree = "<group>"; };
		4ACA568B1DF8F5B70059AF7A /* HCInputBar.h */ = {isa = PBXFileReference; fileEncoding = 4; lastKnownFileType = sourcecode.c.h; path = HCInputBar.h; sourceTree = "<group>"; };
		4ACA568C1DF8F5B70059AF7A /* HCInputBar.m */ = {isa = PBXFileReference; fileEncoding = 4; lastKnownFileType = sourcecode.c.objc; path = HCInputBar.m; sourceTree = "<group>"; };
		4ACA568D1DF8F5B70059AF7A /* Resources.bundle */ = {isa = PBXFileReference; lastKnownFileType = "wrapper.plug-in"; path = Resources.bundle; sourceTree = "<group>"; };
		4ACA568F1DF8F5B70059AF7A /* UIColor+MyColor.h */ = {isa = PBXFileReference; fileEncoding = 4; lastKnownFileType = sourcecode.c.h; path = "UIColor+MyColor.h"; sourceTree = "<group>"; };
		4ACA56901DF8F5B70059AF7A /* UIColor+MyColor.m */ = {isa = PBXFileReference; fileEncoding = 4; lastKnownFileType = sourcecode.c.objc; path = "UIColor+MyColor.m"; sourceTree = "<group>"; };
		4ACA56911DF8F5B70059AF7A /* UIFont+MyFont.h */ = {isa = PBXFileReference; fileEncoding = 4; lastKnownFileType = sourcecode.c.h; path = "UIFont+MyFont.h"; sourceTree = "<group>"; };
		4ACA56921DF8F5B70059AF7A /* UIFont+MyFont.m */ = {isa = PBXFileReference; fileEncoding = 4; lastKnownFileType = sourcecode.c.objc; path = "UIFont+MyFont.m"; sourceTree = "<group>"; };
		4ACA56931DF8F5B70059AF7A /* UIView+Frame.h */ = {isa = PBXFileReference; fileEncoding = 4; lastKnownFileType = sourcecode.c.h; path = "UIView+Frame.h"; sourceTree = "<group>"; };
		4ACA56941DF8F5B70059AF7A /* UIView+Frame.m */ = {isa = PBXFileReference; fileEncoding = 4; lastKnownFileType = sourcecode.c.objc; path = "UIView+Frame.m"; sourceTree = "<group>"; };
		4ACA56A41DF924320059AF7A /* FunctionsView.h */ = {isa = PBXFileReference; fileEncoding = 4; lastKnownFileType = sourcecode.c.h; path = FunctionsView.h; sourceTree = "<group>"; };
		4ACA56A51DF924320059AF7A /* FunctionsView.m */ = {isa = PBXFileReference; fileEncoding = 4; lastKnownFileType = sourcecode.c.objc; path = FunctionsView.m; sourceTree = "<group>"; };
		4ACA56A71DF9315B0059AF7A /* imageButton.h */ = {isa = PBXFileReference; fileEncoding = 4; lastKnownFileType = sourcecode.c.h; path = imageButton.h; sourceTree = "<group>"; };
		4ACA56A81DF9315B0059AF7A /* imageButton.m */ = {isa = PBXFileReference; fileEncoding = 4; lastKnownFileType = sourcecode.c.objc; path = imageButton.m; sourceTree = "<group>"; };
		4ACA56AA1DF931720059AF7A /* UIView+Extension.h */ = {isa = PBXFileReference; fileEncoding = 4; lastKnownFileType = sourcecode.c.h; path = "UIView+Extension.h"; sourceTree = "<group>"; };
		4ACA56AB1DF931720059AF7A /* UIView+Extension.m */ = {isa = PBXFileReference; fileEncoding = 4; lastKnownFileType = sourcecode.c.objc; path = "UIView+Extension.m"; sourceTree = "<group>"; };
		4ACA56AD1DF931D90059AF7A /* imageCell.h */ = {isa = PBXFileReference; fileEncoding = 4; lastKnownFileType = sourcecode.c.h; path = imageCell.h; sourceTree = "<group>"; };
		4ACA56AE1DF931D90059AF7A /* imageCell.m */ = {isa = PBXFileReference; fileEncoding = 4; lastKnownFileType = sourcecode.c.objc; path = imageCell.m; sourceTree = "<group>"; };
/* End PBXFileReference section */

/* Begin PBXFrameworksBuildPhase section */
		4ABE0A5D1DF44DC900117928 /* Frameworks */ = {
			isa = PBXFrameworksBuildPhase;
			buildActionMask = 2147483647;
			files = (
			);
			runOnlyForDeploymentPostprocessing = 0;
		};
		4ABE0A761DF44DCA00117928 /* Frameworks */ = {
			isa = PBXFrameworksBuildPhase;
			buildActionMask = 2147483647;
			files = (
			);
			runOnlyForDeploymentPostprocessing = 0;
		};
		4ABE0A811DF44DCA00117928 /* Frameworks */ = {
			isa = PBXFrameworksBuildPhase;
			buildActionMask = 2147483647;
			files = (
			);
			runOnlyForDeploymentPostprocessing = 0;
		};
/* End PBXFrameworksBuildPhase section */

/* Begin PBXGroup section */
		4ABE0A571DF44DC900117928 = {
			isa = PBXGroup;
			children = (
				4ABE0A621DF44DC900117928 /* 聊天界面 */,
				4ABE0A7C1DF44DCA00117928 /* 聊天界面Tests */,
				4ABE0A871DF44DCA00117928 /* 聊天界面UITests */,
				4ABE0A611DF44DC900117928 /* Products */,
			);
			sourceTree = "<group>";
		};
		4ABE0A611DF44DC900117928 /* Products */ = {
			isa = PBXGroup;
			children = (
				4ABE0A601DF44DC900117928 /* 聊天界面.app */,
				4ABE0A791DF44DCA00117928 /* 聊天界面Tests.xctest */,
				4ABE0A841DF44DCA00117928 /* 聊天界面UITests.xctest */,
			);
			name = Products;
			sourceTree = "<group>";
		};
		4ABE0A621DF44DC900117928 /* 聊天界面 */ = {
			isa = PBXGroup;
			children = (
				4ABE0A961DF44E0800117928 /* 聊天界面 */,
				4ABE0A661DF44DC900117928 /* AppDelegate.h */,
				4ABE0A671DF44DC900117928 /* AppDelegate.m */,
				4ABE0A6C1DF44DC900117928 /* Main.storyboard */,
				4ABE0A6F1DF44DC900117928 /* Assets.xcassets */,
				4ABE0A711DF44DC900117928 /* LaunchScreen.storyboard */,
				4ABE0A741DF44DC900117928 /* Info.plist */,
				4ABE0A631DF44DC900117928 /* Supporting Files */,
			);
			path = "聊天界面";
			sourceTree = "<group>";
		};
		4ABE0A631DF44DC900117928 /* Supporting Files */ = {
			isa = PBXGroup;
			children = (
				4ABE0A641DF44DC900117928 /* main.m */,
			);
			name = "Supporting Files";
			sourceTree = "<group>";
		};
		4ABE0A7C1DF44DCA00117928 /* 聊天界面Tests */ = {
			isa = PBXGroup;
			children = (
				4ABE0A7D1DF44DCA00117928 /* ____Tests.m */,
				4ABE0A7F1DF44DCA00117928 /* Info.plist */,
			);
			path = "聊天界面Tests";
			sourceTree = "<group>";
		};
		4ABE0A871DF44DCA00117928 /* 聊天界面UITests */ = {
			isa = PBXGroup;
			children = (
				4ABE0A881DF44DCA00117928 /* ____UITests.m */,
				4ABE0A8A1DF44DCA00117928 /* Info.plist */,
			);
			path = "聊天界面UITests";
			sourceTree = "<group>";
		};
		4ABE0A961DF44E0800117928 /* 聊天界面 */ = {
			isa = PBXGroup;
			children = (
				4ACA56771DF8F5B70059AF7A /* HCEmoji */,
				4ABE0A971DF44E2A00117928 /* CustomerController.h */,
				4ABE0A981DF44E2A00117928 /* CustomerController.m */,
				4ABE0A991DF44E2A00117928 /* Message.h */,
				4ABE0A9A1DF44E2A00117928 /* Message.m */,
				4ABE0A9B1DF44E2A00117928 /* MessageCell.h */,
				4ABE0A9C1DF44E2A00117928 /* MessageCell.m */,
				4A274C6B1DFA3D0000A5C840 /* MessageImageCell.h */,
				4A274C6C1DFA3D0000A5C840 /* MessageImageCell.m */,
			);
			path = "聊天界面";
			sourceTree = "<group>";
		};
		4ACA56771DF8F5B70059AF7A /* HCEmoji */ = {
			isa = PBXGroup;
			children = (
				4ACA56781DF8F5B70059AF7A /* EmojiKeyboard */,
				4ACA56871DF8F5B70059AF7A /* HCHeader.h */,
				4ACA56881DF8F5B70059AF7A /* InputBar */,
				4ACA568D1DF8F5B70059AF7A /* Resources.bundle */,
				4ACA568E1DF8F5B70059AF7A /* Utils */,
			);
			path = HCEmoji;
			sourceTree = "<group>";
		};
		4ACA56781DF8F5B70059AF7A /* EmojiKeyboard */ = {
			isa = PBXGroup;
			children = (
				4ACA56791DF8F5B70059AF7A /* EmojiToolBar */,
				4ACA567C1DF8F5B70059AF7A /* EmojiView */,
				4ACA56831DF8F5B70059AF7A /* HCEmojiKeyboard.h */,
				4ACA56841DF8F5B70059AF7A /* HCEmojiKeyboard.m */,
				4ACA56851DF8F5B70059AF7A /* HCEmojiManager.h */,
				4ACA56861DF8F5B70059AF7A /* HCEmojiManager.m */,
			);
			path = EmojiKeyboard;
			sourceTree = "<group>";
		};
		4ACA56791DF8F5B70059AF7A /* EmojiToolBar */ = {
			isa = PBXGroup;
			children = (
				4ACA567A1DF8F5B70059AF7A /* EmojiToolBar.h */,
				4ACA567B1DF8F5B70059AF7A /* EmojiToolBar.m */,
			);
			path = EmojiToolBar;
			sourceTree = "<group>";
		};
		4ACA567C1DF8F5B70059AF7A /* EmojiView */ = {
			isa = PBXGroup;
			children = (
				4ACA56AA1DF931720059AF7A /* UIView+Extension.h */,
				4ACA56AB1DF931720059AF7A /* UIView+Extension.m */,
				4ACA567D1DF8F5B70059AF7A /* EmojiCell.h */,
				4ACA567E1DF8F5B70059AF7A /* EmojiCell.m */,
				4ACA567F1DF8F5B70059AF7A /* EmojiCollectionView.h */,
				4ACA56801DF8F5B70059AF7A /* EmojiCollectionView.m */,
				4ACA56A41DF924320059AF7A /* FunctionsView.h */,
				4ACA56A51DF924320059AF7A /* FunctionsView.m */,
				4ACA56A71DF9315B0059AF7A /* imageButton.h */,
				4ACA56A81DF9315B0059AF7A /* imageButton.m */,
				4ACA56AD1DF931D90059AF7A /* imageCell.h */,
				4ACA56AE1DF931D90059AF7A /* imageCell.m */,
				4ACA56811DF8F5B70059AF7A /* SinglePageEmojiCell.h */,
				4ACA56821DF8F5B70059AF7A /* SinglePageEmojiCell.m */,
			);
			path = EmojiView;
			sourceTree = "<group>";
		};
		4ACA56881DF8F5B70059AF7A /* InputBar */ = {
			isa = PBXGroup;
			children = (
				4ACA56891DF8F5B70059AF7A /* ExpandingCell.h */,
				4ACA568A1DF8F5B70059AF7A /* ExpandingCell.m */,
				4ACA568B1DF8F5B70059AF7A /* HCInputBar.h */,
				4ACA568C1DF8F5B70059AF7A /* HCInputBar.m */,
			);
			path = InputBar;
			sourceTree = "<group>";
		};
		4ACA568E1DF8F5B70059AF7A /* Utils */ = {
			isa = PBXGroup;
			children = (
				4ACA568F1DF8F5B70059AF7A /* UIColor+MyColor.h */,
				4ACA56901DF8F5B70059AF7A /* UIColor+MyColor.m */,
				4ACA56911DF8F5B70059AF7A /* UIFont+MyFont.h */,
				4ACA56921DF8F5B70059AF7A /* UIFont+MyFont.m */,
				4ACA56931DF8F5B70059AF7A /* UIView+Frame.h */,
				4ACA56941DF8F5B70059AF7A /* UIView+Frame.m */,
			);
			path = Utils;
			sourceTree = "<group>";
		};
/* End PBXGroup section */

/* Begin PBXNativeTarget section */
		4ABE0A5F1DF44DC900117928 /* 聊天界面 */ = {
			isa = PBXNativeTarget;
			buildConfigurationList = 4ABE0A8D1DF44DCA00117928 /* Build configuration list for PBXNativeTarget "聊天界面" */;
			buildPhases = (
				4ABE0A5C1DF44DC900117928 /* Sources */,
				4ABE0A5D1DF44DC900117928 /* Frameworks */,
				4ABE0A5E1DF44DC900117928 /* Resources */,
			);
			buildRules = (
			);
			dependencies = (
			);
			name = "聊天界面";
			productName = "聊天界面";
			productReference = 4ABE0A601DF44DC900117928 /* 聊天界面.app */;
			productType = "com.apple.product-type.application";
		};
		4ABE0A781DF44DCA00117928 /* 聊天界面Tests */ = {
			isa = PBXNativeTarget;
			buildConfigurationList = 4ABE0A901DF44DCA00117928 /* Build configuration list for PBXNativeTarget "聊天界面Tests" */;
			buildPhases = (
				4ABE0A751DF44DCA00117928 /* Sources */,
				4ABE0A761DF44DCA00117928 /* Frameworks */,
				4ABE0A771DF44DCA00117928 /* Resources */,
			);
			buildRules = (
			);
			dependencies = (
				4ABE0A7B1DF44DCA00117928 /* PBXTargetDependency */,
			);
			name = "聊天界面Tests";
			productName = "聊天界面Tests";
			productReference = 4ABE0A791DF44DCA00117928 /* 聊天界面Tests.xctest */;
			productType = "com.apple.product-type.bundle.unit-test";
		};
		4ABE0A831DF44DCA00117928 /* 聊天界面UITests */ = {
			isa = PBXNativeTarget;
			buildConfigurationList = 4ABE0A931DF44DCA00117928 /* Build configuration list for PBXNativeTarget "聊天界面UITests" */;
			buildPhases = (
				4ABE0A801DF44DCA00117928 /* Sources */,
				4ABE0A811DF44DCA00117928 /* Frameworks */,
				4ABE0A821DF44DCA00117928 /* Resources */,
			);
			buildRules = (
			);
			dependencies = (
				4ABE0A861DF44DCA00117928 /* PBXTargetDependency */,
			);
			name = "聊天界面UITests";
			productName = "聊天界面UITests";
			productReference = 4ABE0A841DF44DCA00117928 /* 聊天界面UITests.xctest */;
			productType = "com.apple.product-type.bundle.ui-testing";
		};
/* End PBXNativeTarget section */

/* Begin PBXProject section */
		4ABE0A581DF44DC900117928 /* Project object */ = {
			isa = PBXProject;
			attributes = {
				LastUpgradeCheck = 0800;
				ORGANIZATIONNAME = " 王伟";
				TargetAttributes = {
					4ABE0A5F1DF44DC900117928 = {
						CreatedOnToolsVersion = 8.0;
						DevelopmentTeam = RAGB8RCPVC;
						ProvisioningStyle = Automatic;
					};
					4ABE0A781DF44DCA00117928 = {
						CreatedOnToolsVersion = 8.0;
						ProvisioningStyle = Automatic;
						TestTargetID = 4ABE0A5F1DF44DC900117928;
					};
					4ABE0A831DF44DCA00117928 = {
						CreatedOnToolsVersion = 8.0;
						ProvisioningStyle = Automatic;
						TestTargetID = 4ABE0A5F1DF44DC900117928;
					};
				};
			};
			buildConfigurationList = 4ABE0A5B1DF44DC900117928 /* Build configuration list for PBXProject "聊天界面" */;
			compatibilityVersion = "Xcode 3.2";
			developmentRegion = English;
			hasScannedForEncodings = 0;
			knownRegions = (
				en,
				Base,
			);
			mainGroup = 4ABE0A571DF44DC900117928;
			productRefGroup = 4ABE0A611DF44DC900117928 /* Products */;
			projectDirPath = "";
			projectRoot = "";
			targets = (
				4ABE0A5F1DF44DC900117928 /* 聊天界面 */,
				4ABE0A781DF44DCA00117928 /* 聊天界面Tests */,
				4ABE0A831DF44DCA00117928 /* 聊天界面UITests */,
			);
		};
/* End PBXProject section */

/* Begin PBXResourcesBuildPhase section */
		4ABE0A5E1DF44DC900117928 /* Resources */ = {
			isa = PBXResourcesBuildPhase;
			buildActionMask = 2147483647;
			files = (
				4ABE0A731DF44DC900117928 /* LaunchScreen.storyboard in Resources */,
				4ABE0A701DF44DC900117928 /* Assets.xcassets in Resources */,
				4ABE0A6E1DF44DC900117928 /* Main.storyboard in Resources */,
				4ACA569D1DF8F5B70059AF7A /* Resources.bundle in Resources */,
			);
			runOnlyForDeploymentPostprocessing = 0;
		};
		4ABE0A771DF44DCA00117928 /* Resources */ = {
			isa = PBXResourcesBuildPhase;
			buildActionMask = 2147483647;
			files = (
			);
			runOnlyForDeploymentPostprocessing = 0;
		};
		4ABE0A821DF44DCA00117928 /* Resources */ = {
			isa = PBXResourcesBuildPhase;
			buildActionMask = 2147483647;
			files = (
			);
			runOnlyForDeploymentPostprocessing = 0;
		};
/* End PBXResourcesBuildPhase section */

/* Begin PBXSourcesBuildPhase section */
		4ABE0A5C1DF44DC900117928 /* Sources */ = {
			isa = PBXSourcesBuildPhase;
			buildActionMask = 2147483647;
			files = (
				4ACA569B1DF8F5B70059AF7A /* ExpandingCell.m in Sources */,
				4ACA56AF1DF931D90059AF7A /* imageCell.m in Sources */,
				4ACA569E1DF8F5B70059AF7A /* UIColor+MyColor.m in Sources */,
				4ACA56961DF8F5B70059AF7A /* EmojiCell.m in Sources */,
				4ABE0A9D1DF44E2A00117928 /* CustomerController.m in Sources */,
				4ACA56991DF8F5B70059AF7A /* HCEmojiKeyboard.m in Sources */,
				4ABE0A9E1DF44E2A00117928 /* Message.m in Sources */,
				4ACA56AC1DF931720059AF7A /* UIView+Extension.m in Sources */,
				4ACA569C1DF8F5B70059AF7A /* HCInputBar.m in Sources */,
				4ACA56971DF8F5B70059AF7A /* EmojiCollectionView.m in Sources */,
				4ACA56A01DF8F5B70059AF7A /* UIView+Frame.m in Sources */,
				4ACA569F1DF8F5B70059AF7A /* UIFont+MyFont.m in Sources */,
				4A274C6D1DFA3D0000A5C840 /* MessageImageCell.m in Sources */,
				4ACA56951DF8F5B70059AF7A /* EmojiToolBar.m in Sources */,
				4ABE0A9F1DF44E2A00117928 /* MessageCell.m in Sources */,
				4ACA56A61DF924320059AF7A /* FunctionsView.m in Sources */,
				4ABE0A681DF44DC900117928 /* AppDelegate.m in Sources */,
				4ACA56981DF8F5B70059AF7A /* SinglePageEmojiCell.m in Sources */,
				4ACA569A1DF8F5B70059AF7A /* HCEmojiManager.m in Sources */,
				4ABE0A651DF44DC900117928 /* main.m in Sources */,
				4ACA56A91DF9315B0059AF7A /* imageButton.m in Sources */,
			);
			runOnlyForDeploymentPostprocessing = 0;
		};
		4ABE0A751DF44DCA00117928 /* Sources */ = {
			isa = PBXSourcesBuildPhase;
			buildActionMask = 2147483647;
			files = (
				4ABE0A7E1DF44DCA00117928 /* ____Tests.m in Sources */,
			);
			runOnlyForDeploymentPostprocessing = 0;
		};
		4ABE0A801DF44DCA00117928 /* Sources */ = {
			isa = PBXSourcesBuildPhase;
			buildActionMask = 2147483647;
			files = (
				4ABE0A891DF44DCA00117928 /* ____UITests.m in Sources */,
			);
			runOnlyForDeploymentPostprocessing = 0;
		};
/* End PBXSourcesBuildPhase section */

/* Begin PBXTargetDependency section */
		4ABE0A7B1DF44DCA00117928 /* PBXTargetDependency */ = {
			isa = PBXTargetDependency;
			target = 4ABE0A5F1DF44DC900117928 /* 聊天界面 */;
			targetProxy = 4ABE0A7A1DF44DCA00117928 /* PBXContainerItemProxy */;
		};
		4ABE0A861DF44DCA00117928 /* PBXTargetDependency */ = {
			isa = PBXTargetDependency;
			target = 4ABE0A5F1DF44DC900117928 /* 聊天界面 */;
			targetProxy = 4ABE0A851DF44DCA00117928 /* PBXContainerItemProxy */;
		};
/* End PBXTargetDependency section */

/* Begin PBXVariantGroup section */
		4ABE0A6C1DF44DC900117928 /* Main.storyboard */ = {
			isa = PBXVariantGroup;
			children = (
				4ABE0A6D1DF44DC900117928 /* Base */,
			);
			name = Main.storyboard;
			sourceTree = "<group>";
		};
		4ABE0A711DF44DC900117928 /* LaunchScreen.storyboard */ = {
			isa = PBXVariantGroup;
			children = (
				4ABE0A721DF44DC900117928 /* Base */,
			);
			name = LaunchScreen.storyboard;
			sourceTree = "<group>";
		};
/* End PBXVariantGroup section */

/* Begin XCBuildConfiguration section */
		4ABE0A8B1DF44DCA00117928 /* Debug */ = {
			isa = XCBuildConfiguration;
			buildSettings = {
				ALWAYS_SEARCH_USER_PATHS = NO;
				CLANG_ANALYZER_NONNULL = YES;
				CLANG_CXX_LANGUAGE_STANDARD = "gnu++0x";
				CLANG_CXX_LIBRARY = "libc++";
				CLANG_ENABLE_MODULES = YES;
				CLANG_ENABLE_OBJC_ARC = YES;
				CLANG_WARN_BOOL_CONVERSION = YES;
				CLANG_WARN_CONSTANT_CONVERSION = YES;
				CLANG_WARN_DIRECT_OBJC_ISA_USAGE = YES_ERROR;
				CLANG_WARN_DOCUMENTATION_COMMENTS = YES;
				CLANG_WARN_EMPTY_BODY = YES;
				CLANG_WARN_ENUM_CONVERSION = YES;
				CLANG_WARN_INFINITE_RECURSION = YES;
				CLANG_WARN_INT_CONVERSION = YES;
				CLANG_WARN_OBJC_ROOT_CLASS = YES_ERROR;
				CLANG_WARN_SUSPICIOUS_MOVES = YES;
				CLANG_WARN_UNREACHABLE_CODE = YES;
				CLANG_WARN__DUPLICATE_METHOD_MATCH = YES;
				"CODE_SIGN_IDENTITY[sdk=iphoneos*]" = "iPhone Developer";
				COPY_PHASE_STRIP = NO;
				DEBUG_INFORMATION_FORMAT = dwarf;
				ENABLE_STRICT_OBJC_MSGSEND = YES;
				ENABLE_TESTABILITY = YES;
				GCC_C_LANGUAGE_STANDARD = gnu99;
				GCC_DYNAMIC_NO_PIC = NO;
				GCC_NO_COMMON_BLOCKS = YES;
				GCC_OPTIMIZATION_LEVEL = 0;
				GCC_PREPROCESSOR_DEFINITIONS = (
					"DEBUG=1",
					"$(inherited)",
				);
				GCC_WARN_64_TO_32_BIT_CONVERSION = YES;
				GCC_WARN_ABOUT_RETURN_TYPE = YES_ERROR;
				GCC_WARN_UNDECLARED_SELECTOR = YES;
				GCC_WARN_UNINITIALIZED_AUTOS = YES_AGGRESSIVE;
				GCC_WARN_UNUSED_FUNCTION = YES;
				GCC_WARN_UNUSED_VARIABLE = YES;
				IPHONEOS_DEPLOYMENT_TARGET = 10.0;
				MTL_ENABLE_DEBUG_INFO = YES;
				ONLY_ACTIVE_ARCH = YES;
				SDKROOT = iphoneos;
			};
			name = Debug;
		};
		4ABE0A8C1DF44DCA00117928 /* Release */ = {
			isa = XCBuildConfiguration;
			buildSettings = {
				ALWAYS_SEARCH_USER_PATHS = NO;
				CLANG_ANALYZER_NONNULL = YES;
				CLANG_CXX_LANGUAGE_STANDARD = "gnu++0x";
				CLANG_CXX_LIBRARY = "libc++";
				CLANG_ENABLE_MODULES = YES;
				CLANG_ENABLE_OBJC_ARC = YES;
				CLANG_WARN_BOOL_CONVERSION = YES;
				CLANG_WARN_CONSTANT_CONVERSION = YES;
				CLANG_WARN_DIRECT_OBJC_ISA_USAGE = YES_ERROR;
				CLANG_WARN_DOCUMENTATION_COMMENTS = YES;
				CLANG_WARN_EMPTY_BODY = YES;
				CLANG_WARN_ENUM_CONVERSION = YES;
				CLANG_WARN_INFINITE_RECURSION = YES;
				CLANG_WARN_INT_CONVERSION = YES;
				CLANG_WARN_OBJC_ROOT_CLASS = YES_ERROR;
				CLANG_WARN_SUSPICIOUS_MOVES = YES;
				CLANG_WARN_UNREACHABLE_CODE = YES;
				CLANG_WARN__DUPLICATE_METHOD_MATCH = YES;
				"CODE_SIGN_IDENTITY[sdk=iphoneos*]" = "iPhone Developer";
				COPY_PHASE_STRIP = NO;
				DEBUG_INFORMATION_FORMAT = "dwarf-with-dsym";
				ENABLE_NS_ASSERTIONS = NO;
				ENABLE_STRICT_OBJC_MSGSEND = YES;
				GCC_C_LANGUAGE_STANDARD = gnu99;
				GCC_NO_COMMON_BLOCKS = YES;
				GCC_WARN_64_TO_32_BIT_CONVERSION = YES;
				GCC_WARN_ABOUT_RETURN_TYPE = YES_ERROR;
				GCC_WARN_UNDECLARED_SELECTOR = YES;
				GCC_WARN_UNINITIALIZED_AUTOS = YES_AGGRESSIVE;
				GCC_WARN_UNUSED_FUNCTION = YES;
				GCC_WARN_UNUSED_VARIABLE = YES;
				IPHONEOS_DEPLOYMENT_TARGET = 10.0;
				MTL_ENABLE_DEBUG_INFO = NO;
				SDKROOT = iphoneos;
				VALIDATE_PRODUCT = YES;
			};
			name = Release;
		};
		4ABE0A8E1DF44DCA00117928 /* Debug */ = {
			isa = XCBuildConfiguration;
			buildSettings = {
				ASSETCATALOG_COMPILER_APPICON_NAME = AppIcon;
				DEVELOPMENT_TEAM = RAGB8RCPVC;
				INFOPLIST_FILE = "聊天界面/Info.plist";
				LD_RUNPATH_SEARCH_PATHS = "$(inherited) @executable_path/Frameworks";
				PRODUCT_BUNDLE_IDENTIFIER = "299.YC56.YunCeWang-xiaoshou";
				PRODUCT_NAME = "$(TARGET_NAME)";
			};
			name = Debug;
		};
		4ABE0A8F1DF44DCA00117928 /* Release */ = {
			isa = XCBuildConfiguration;
			buildSettings = {
				ASSETCATALOG_COMPILER_APPICON_NAME = AppIcon;
				DEVELOPMENT_TEAM = RAGB8RCPVC;
				INFOPLIST_FILE = "聊天界面/Info.plist";
				LD_RUNPATH_SEARCH_PATHS = "$(inherited) @executable_path/Frameworks";
				PRODUCT_BUNDLE_IDENTIFIER = "299.YC56.YunCeWang-xiaoshou";
				PRODUCT_NAME = "$(TARGET_NAME)";
			};
			name = Release;
		};
		4ABE0A911DF44DCA00117928 /* Debug */ = {
			isa = XCBuildConfiguration;
			buildSettings = {
				BUNDLE_LOADER = "$(TEST_HOST)";
				INFOPLIST_FILE = "聊天界面Tests/Info.plist";
				LD_RUNPATH_SEARCH_PATHS = "$(inherited) @executable_path/Frameworks @loader_path/Frameworks";
				PRODUCT_BUNDLE_IDENTIFIER = "com.wangwei.----Tests";
				PRODUCT_NAME = "$(TARGET_NAME)";
				TEST_HOST = "$(BUILT_PRODUCTS_DIR)/聊天界面.app/聊天界面";
			};
			name = Debug;
		};
		4ABE0A921DF44DCA00117928 /* Release */ = {
			isa = XCBuildConfiguration;
			buildSettings = {
				BUNDLE_LOADER = "$(TEST_HOST)";
				INFOPLIST_FILE = "聊天界面Tests/Info.plist";
				LD_RUNPATH_SEARCH_PATHS = "$(inherited) @executable_path/Frameworks @loader_path/Frameworks";
				PRODUCT_BUNDLE_IDENTIFIER = "com.wangwei.----Tests";
				PRODUCT_NAME = "$(TARGET_NAME)";
				TEST_HOST = "$(BUILT_PRODUCTS_DIR)/聊天界面.app/聊天界面";
			};
			name = Release;
		};
		4ABE0A941DF44DCA00117928 /* Debug */ = {
			isa = XCBuildConfiguration;
			buildSettings = {
				INFOPLIST_FILE = "聊天界面UITests/Info.plist";
				LD_RUNPATH_SEARCH_PATHS = "$(inherited) @executable_path/Frameworks @loader_path/Frameworks";
				PRODUCT_BUNDLE_IDENTIFIER = "com.wangwei.----UITests";
				PRODUCT_NAME = "$(TARGET_NAME)";
				TEST_TARGET_NAME = "聊天界面";
			};
			name = Debug;
		};
		4ABE0A951DF44DCA00117928 /* Release */ = {
			isa = XCBuildConfiguration;
			buildSettings = {
				INFOPLIST_FILE = "聊天界面UITests/Info.plist";
				LD_RUNPATH_SEARCH_PATHS = "$(inherited) @executable_path/Frameworks @loader_path/Frameworks";
				PRODUCT_BUNDLE_IDENTIFIER = "com.wangwei.----UITests";
				PRODUCT_NAME = "$(TARGET_NAME)";
				TEST_TARGET_NAME = "聊天界面";
			};
			name = Release;
		};
/* End XCBuildConfiguration section */

/* Begin XCConfigurationList section */
		4ABE0A5B1DF44DC900117928 /* Build configuration list for PBXProject "聊天界面" */ = {
			isa = XCConfigurationList;
			buildConfigurations = (
				4ABE0A8B1DF44DCA00117928 /* Debug */,
				4ABE0A8C1DF44DCA00117928 /* Release */,
			);
			defaultConfigurationIsVisible = 0;
			defaultConfigurationName = Release;
		};
		4ABE0A8D1DF44DCA00117928 /* Build configuration list for PBXNativeTarget "聊天界面" */ = {
			isa = XCConfigurationList;
			buildConfigurations = (
				4ABE0A8E1DF44DCA00117928 /* Debug */,
				4ABE0A8F1DF44DCA00117928 /* Release */,
			);
			defaultConfigurationIsVisible = 0;
			defaultConfigurationName = Release;
		};
		4ABE0A901DF44DCA00117928 /* Build configuration list for PBXNativeTarget "聊天界面Tests" */ = {
			isa = XCConfigurationList;
			buildConfigurations = (
				4ABE0A911DF44DCA00117928 /* Debug */,
				4ABE0A921DF44DCA00117928 /* Release */,
			);
			defaultConfigurationIsVisible = 0;
			defaultConfigurationName = Release;
		};
		4ABE0A931DF44DCA00117928 /* Build configuration list for PBXNativeTarget "聊天界面UITests" */ = {
			isa = XCConfigurationList;
			buildConfigurations = (
				4ABE0A941DF44DCA00117928 /* Debug */,
				4ABE0A951DF44DCA00117928 /* Release */,
			);
			defaultConfigurationIsVisible = 0;
			defaultConfigurationName = Release;
		};
/* End XCConfigurationList section */
	};
	rootObject = 4ABE0A581DF44DC900117928 /* Project object */;
}
